
Microsoft Visual Studio Solution File, Format Version 12.00
# Visual Studio Version 17
VisualStudioVersion = 17.0.31919.166
MinimumVisualStudioVersion = 10.0.40219.1
Project("{FAE04EC0-301F-11D3-BF4B-00C04F79EFBC}") = "ExpressSharp", "ExpressSharp.csproj", "{6BFC96FD-81C5-49EE-950B-AF3B1ADB31EF}"
EndProject
Global
	GlobalSection(SolutionConfigurationPlatforms) = preSolution
		Debug|Any CPU = Debug|Any CPU
		Release|Any CPU = Release|Any CPU
	EndGlobalSection
	GlobalSection(ProjectConfigurationPlatforms) = postSolution
		{6BFC96FD-81C5-49EE-950B-AF3B1ADB31EF}.Debug|Any CPU.ActiveCfg = Debug|Any CPU
		{6BFC96FD-81C5-49EE-950B-AF3B1ADB31EF}.Debug|Any CPU.Build.0 = Debug|Any CPU
		{6BFC96FD-81C5-49EE-950B-AF3B1ADB31EF}.Release|Any CPU.ActiveCfg = Release|Any CPU
		{6BFC96FD-81C5-49EE-950B-AF3B1ADB31EF}.Release|Any CPU.Build.0 = Release|Any CPU
	EndGlobalSection
	GlobalSection(SolutionProperties) = preSolution
		HideSolutionNode = FALSE
	EndGlobalSection
	GlobalSection(ExtensibilityGlobals) = postSolution
		SolutionGuid = {56134D0C-E971-43C5-8646-991F63A0BB87}
	EndGlobalSection
EndGlobal
